// !$*UTF8*$!
{
	archiveVersion = 1;
	classes = {
	};
	objectVersion = 50;
	objects = {

/* Begin PBXBuildFile section */
		3AAFA849A9CA22275E40F717 /* Pods_Calculator_FreeUITests.framework in Frameworks */ = {isa = PBXBuildFile; fileRef = 312E2F8413E5F618D4213D2D /* Pods_Calculator_FreeUITests.framework */; };
		3D261A68213E629300556580 /* AppDelegate.swift in Sources */ = {isa = PBXBuildFile; fileRef = 3D261A67213E629300556580 /* AppDelegate.swift */; };
		3D261A6D213E629300556580 /* Main.storyboard in Resources */ = {isa = PBXBuildFile; fileRef = 3D261A6B213E629300556580 /* Main.storyboard */; };
		3D261A6F213E629500556580 /* Assets.xcassets in Resources */ = {isa = PBXBuildFile; fileRef = 3D261A6E213E629500556580 /* Assets.xcassets */; };
		3D261A72213E629500556580 /* LaunchScreen.storyboard in Resources */ = {isa = PBXBuildFile; fileRef = 3D261A70213E629500556580 /* LaunchScreen.storyboard */; };
		3D261A7D213E629500556580 /* Calculator_FreeTests.swift in Sources */ = {isa = PBXBuildFile; fileRef = 3D261A7C213E629500556580 /* Calculator_FreeTests.swift */; };
		3D261A88213E629500556580 /* Calculator_FreeUITests.swift in Sources */ = {isa = PBXBuildFile; fileRef = 3D261A87213E629500556580 /* Calculator_FreeUITests.swift */; };
		3D261A96213E631100556580 /* CalculatorViewController.swift in Sources */ = {isa = PBXBuildFile; fileRef = 3D261A95213E631100556580 /* CalculatorViewController.swift */; };
		3D261A98213E82C900556580 /* MessagingViewController.swift in Sources */ = {isa = PBXBuildFile; fileRef = 3D261A97213E82C900556580 /* MessagingViewController.swift */; };
		3D5696FB213EAEC2007DBC3D /* MessagingModel.xcdatamodeld in Sources */ = {isa = PBXBuildFile; fileRef = 3D5696F9213EAEC2007DBC3D /* MessagingModel.xcdatamodeld */; };
		3D5696FD213EB6EE007DBC3D /* ChatViewController.swift in Sources */ = {isa = PBXBuildFile; fileRef = 3D5696FC213EB6EE007DBC3D /* ChatViewController.swift */; };
		3D5696FF213EB88A007DBC3D /* ChatDelegate.swift in Sources */ = {isa = PBXBuildFile; fileRef = 3D5696FE213EB88A007DBC3D /* ChatDelegate.swift */; };
		3DCF5209213E8D4100E4F328 /* XMPPController.swift in Sources */ = {isa = PBXBuildFile; fileRef = 3DCF5208213E8D4100E4F328 /* XMPPController.swift */; };
		3DCF520B213EA74800E4F328 /* ChatTableViewCell.swift in Sources */ = {isa = PBXBuildFile; fileRef = 3DCF520A213EA74800E4F328 /* ChatTableViewCell.swift */; };
		400E4EAD133EEA51905EAB97 /* Pods_Calculator_Free.framework in Frameworks */ = {isa = PBXBuildFile; fileRef = F207940E8A76AE03E9BE46AD /* Pods_Calculator_Free.framework */; };
		B3D4FBD5BFEE0192EEFF7E68 /* Pods_Calculator_FreeTests.framework in Frameworks */ = {isa = PBXBuildFile; fileRef = D569A8CFF568519481B0F2DA /* Pods_Calculator_FreeTests.framework */; };
/* End PBXBuildFile section */

/* Begin PBXContainerItemProxy section */
		3D261A79213E629500556580 /* PBXContainerItemProxy */ = {
			isa = PBXContainerItemProxy;
			containerPortal = 3D261A5C213E629300556580 /* Project object */;
			proxyType = 1;
			remoteGlobalIDString = 3D261A63213E629300556580;
			remoteInfo = "Calculator Free";
		};
		3D261A84213E629500556580 /* PBXContainerItemProxy */ = {
			isa = PBXContainerItemProxy;
			containerPortal = 3D261A5C213E629300556580 /* Project object */;
			proxyType = 1;
			remoteGlobalIDString = 3D261A63213E629300556580;
			remoteInfo = "Calculator Free";
		};
/* End PBXContainerItemProxy section */

/* Begin PBXFileReference section */
		0F7D117D66FE6F37C603891F /* Pods-Calculator Free.release.xcconfig */ = {isa = PBXFileReference; includeInIndex = 1; lastKnownFileType = text.xcconfig; name = "Pods-Calculator Free.release.xcconfig"; path = "Pods/Target Support Files/Pods-Calculator Free/Pods-Calculator Free.release.xcconfig"; sourceTree = "<group>"; };
		1D4CFCB5AA740A136439FF6A /* Pods-Calculator Free.debug.xcconfig */ = {isa = PBXFileReference; includeInIndex = 1; lastKnownFileType = text.xcconfig; name = "Pods-Calculator Free.debug.xcconfig"; path = "Pods/Target Support Files/Pods-Calculator Free/Pods-Calculator Free.debug.xcconfig"; sourceTree = "<group>"; };
		2D7125B95686F3A696A086D8 /* Pods-Calculator FreeTests.release.xcconfig */ = {isa = PBXFileReference; includeInIndex = 1; lastKnownFileType = text.xcconfig; name = "Pods-Calculator FreeTests.release.xcconfig"; path = "Pods/Target Support Files/Pods-Calculator FreeTests/Pods-Calculator FreeTests.release.xcconfig"; sourceTree = "<group>"; };
		312E2F8413E5F618D4213D2D /* Pods_Calculator_FreeUITests.framework */ = {isa = PBXFileReference; explicitFileType = wrapper.framework; includeInIndex = 0; path = Pods_Calculator_FreeUITests.framework; sourceTree = BUILT_PRODUCTS_DIR; };
		3D261A64213E629300556580 /* Calculator Free.app */ = {isa = PBXFileReference; explicitFileType = wrapper.application; includeInIndex = 0; path = "Calculator Free.app"; sourceTree = BUILT_PRODUCTS_DIR; };
		3D261A67213E629300556580 /* AppDelegate.swift */ = {isa = PBXFileReference; lastKnownFileType = sourcecode.swift; path = AppDelegate.swift; sourceTree = "<group>"; };
		3D261A6C213E629300556580 /* Base */ = {isa = PBXFileReference; lastKnownFileType = file.storyboard; name = Base; path = Base.lproj/Main.storyboard; sourceTree = "<group>"; };
		3D261A6E213E629500556580 /* Assets.xcassets */ = {isa = PBXFileReference; lastKnownFileType = folder.assetcatalog; path = Assets.xcassets; sourceTree = "<group>"; };
		3D261A71213E629500556580 /* Base */ = {isa = PBXFileReference; lastKnownFileType = file.storyboard; name = Base; path = Base.lproj/LaunchScreen.storyboard; sourceTree = "<group>"; };
		3D261A73213E629500556580 /* Info.plist */ = {isa = PBXFileReference; lastKnownFileType = text.plist.xml; path = Info.plist; sourceTree = "<group>"; };
		3D261A78213E629500556580 /* Calculator FreeTests.xctest */ = {isa = PBXFileReference; explicitFileType = wrapper.cfbundle; includeInIndex = 0; path = "Calculator FreeTests.xctest"; sourceTree = BUILT_PRODUCTS_DIR; };
		3D261A7C213E629500556580 /* Calculator_FreeTests.swift */ = {isa = PBXFileReference; lastKnownFileType = sourcecode.swift; path = Calculator_FreeTests.swift; sourceTree = "<group>"; };
		3D261A7E213E629500556580 /* Info.plist */ = {isa = PBXFileReference; lastKnownFileType = text.plist.xml; path = Info.plist; sourceTree = "<group>"; };
		3D261A83213E629500556580 /* Calculator FreeUITests.xctest */ = {isa = PBXFileReference; explicitFileType = wrapper.cfbundle; includeInIndex = 0; path = "Calculator FreeUITests.xctest"; sourceTree = BUILT_PRODUCTS_DIR; };
		3D261A87213E629500556580 /* Calculator_FreeUITests.swift */ = {isa = PBXFileReference; lastKnownFileType = sourcecode.swift; path = Calculator_FreeUITests.swift; sourceTree = "<group>"; };
		3D261A89213E629500556580 /* Info.plist */ = {isa = PBXFileReference; lastKnownFileType = text.plist.xml; path = Info.plist; sourceTree = "<group>"; };
		3D261A95213E631100556580 /* CalculatorViewController.swift */ = {isa = PBXFileReference; lastKnownFileType = sourcecode.swift; path = CalculatorViewController.swift; sourceTree = "<group>"; };
		3D261A97213E82C900556580 /* MessagingViewController.swift */ = {isa = PBXFileReference; lastKnownFileType = sourcecode.swift; path = MessagingViewController.swift; sourceTree = "<group>"; };
		3D5696FA213EAEC2007DBC3D /* MessagingModel.xcdatamodel */ = {isa = PBXFileReference; lastKnownFileType = wrapper.xcdatamodel; path = MessagingModel.xcdatamodel; sourceTree = "<group>"; };
		3D5696FC213EB6EE007DBC3D /* ChatViewController.swift */ = {isa = PBXFileReference; lastKnownFileType = sourcecode.swift; path = ChatViewController.swift; sourceTree = "<group>"; };
		3D5696FE213EB88A007DBC3D /* ChatDelegate.swift */ = {isa = PBXFileReference; lastKnownFileType = sourcecode.swift; path = ChatDelegate.swift; sourceTree = "<group>"; };
		3DCF5208213E8D4100E4F328 /* XMPPController.swift */ = {isa = PBXFileReference; lastKnownFileType = sourcecode.swift; path = XMPPController.swift; sourceTree = "<group>"; };
		3DCF520A213EA74800E4F328 /* ChatTableViewCell.swift */ = {isa = PBXFileReference; lastKnownFileType = sourcecode.swift; path = ChatTableViewCell.swift; sourceTree = "<group>"; };
		6DF948F8C33BD27AE0FD9551 /* Pods-Calculator FreeUITests.release.xcconfig */ = {isa = PBXFileReference; includeInIndex = 1; lastKnownFileType = text.xcconfig; name = "Pods-Calculator FreeUITests.release.xcconfig"; path = "Pods/Target Support Files/Pods-Calculator FreeUITests/Pods-Calculator FreeUITests.release.xcconfig"; sourceTree = "<group>"; };
		8033DB94F92A1D8E5101920A /* Pods-Calculator FreeTests.debug.xcconfig */ = {isa = PBXFileReference; includeInIndex = 1; lastKnownFileType = text.xcconfig; name = "Pods-Calculator FreeTests.debug.xcconfig"; path = "Pods/Target Support Files/Pods-Calculator FreeTests/Pods-Calculator FreeTests.debug.xcconfig"; sourceTree = "<group>"; };
		CB6C8048211949C6CBAAF4DD /* Pods-Calculator FreeUITests.debug.xcconfig */ = {isa = PBXFileReference; includeInIndex = 1; lastKnownFileType = text.xcconfig; name = "Pods-Calculator FreeUITests.debug.xcconfig"; path = "Pods/Target Support Files/Pods-Calculator FreeUITests/Pods-Calculator FreeUITests.debug.xcconfig"; sourceTree = "<group>"; };
		D569A8CFF568519481B0F2DA /* Pods_Calculator_FreeTests.framework */ = {isa = PBXFileReference; explicitFileType = wrapper.framework; includeInIndex = 0; path = Pods_Calculator_FreeTests.framework; sourceTree = BUILT_PRODUCTS_DIR; };
		F207940E8A76AE03E9BE46AD /* Pods_Calculator_Free.framework */ = {isa = PBXFileReference; explicitFileType = wrapper.framework; includeInIndex = 0; path = Pods_Calculator_Free.framework; sourceTree = BUILT_PRODUCTS_DIR; };
/* End PBXFileReference section */

/* Begin PBXFrameworksBuildPhase section */
		3D261A61213E629300556580 /* Frameworks */ = {
			isa = PBXFrameworksBuildPhase;
			buildActionMask = 2147483647;
			files = (
				400E4EAD133EEA51905EAB97 /* Pods_Calculator_Free.framework in Frameworks */,
			);
			runOnlyForDeploymentPostprocessing = 0;
		};
		3D261A75213E629500556580 /* Frameworks */ = {
			isa = PBXFrameworksBuildPhase;
			buildActionMask = 2147483647;
			files = (
				B3D4FBD5BFEE0192EEFF7E68 /* Pods_Calculator_FreeTests.framework in Frameworks */,
			);
			runOnlyForDeploymentPostprocessing = 0;
		};
		3D261A80213E629500556580 /* Frameworks */ = {
			isa = PBXFrameworksBuildPhase;
			buildActionMask = 2147483647;
			files = (
				3AAFA849A9CA22275E40F717 /* Pods_Calculator_FreeUITests.framework in Frameworks */,
			);
			runOnlyForDeploymentPostprocessing = 0;
		};
/* End PBXFrameworksBuildPhase section */

/* Begin PBXGroup section */
		3D261A5B213E629300556580 = {
			isa = PBXGroup;
			children = (
				3D5696F9213EAEC2007DBC3D /* MessagingModel.xcdatamodeld */,
				3D261A66213E629300556580 /* Calculator Free */,
				3D261A7B213E629500556580 /* Calculator FreeTests */,
				3D261A86213E629500556580 /* Calculator FreeUITests */,
				3D261A65213E629300556580 /* Products */,
				EDB74293F7D66F3ACDA64453 /* Pods */,
				CD9A48723A8378D5F385A92A /* Frameworks */,
			);
			sourceTree = "<group>";
		};
		3D261A65213E629300556580 /* Products */ = {
			isa = PBXGroup;
			children = (
				3D261A64213E629300556580 /* Calculator Free.app */,
				3D261A78213E629500556580 /* Calculator FreeTests.xctest */,
				3D261A83213E629500556580 /* Calculator FreeUITests.xctest */,
			);
			name = Products;
			sourceTree = "<group>";
		};
		3D261A66213E629300556580 /* Calculator Free */ = {
			isa = PBXGroup;
			children = (
				3D261A67213E629300556580 /* AppDelegate.swift */,
				3D261A95213E631100556580 /* CalculatorViewController.swift */,
				3D261A97213E82C900556580 /* MessagingViewController.swift */,
				3D5696FC213EB6EE007DBC3D /* ChatViewController.swift */,
				3D261A6B213E629300556580 /* Main.storyboard */,
				3D261A6E213E629500556580 /* Assets.xcassets */,
				3D261A70213E629500556580 /* LaunchScreen.storyboard */,
				3D261A73213E629500556580 /* Info.plist */,
				3DCF5208213E8D4100E4F328 /* XMPPController.swift */,
				3DCF520A213EA74800E4F328 /* ChatTableViewCell.swift */,
				3D5696FE213EB88A007DBC3D /* ChatDelegate.swift */,
			);
			path = "Calculator Free";
			sourceTree = "<group>";
		};
		3D261A7B213E629500556580 /* Calculator FreeTests */ = {
			isa = PBXGroup;
			children = (
				3D261A7C213E629500556580 /* Calculator_FreeTests.swift */,
				3D261A7E213E629500556580 /* Info.plist */,
			);
			path = "Calculator FreeTests";
			sourceTree = "<group>";
		};
		3D261A86213E629500556580 /* Calculator FreeUITests */ = {
			isa = PBXGroup;
			children = (
				3D261A87213E629500556580 /* Calculator_FreeUITests.swift */,
				3D261A89213E629500556580 /* Info.plist */,
			);
			path = "Calculator FreeUITests";
			sourceTree = "<group>";
		};
		CD9A48723A8378D5F385A92A /* Frameworks */ = {
			isa = PBXGroup;
			children = (
				F207940E8A76AE03E9BE46AD /* Pods_Calculator_Free.framework */,
				D569A8CFF568519481B0F2DA /* Pods_Calculator_FreeTests.framework */,
				312E2F8413E5F618D4213D2D /* Pods_Calculator_FreeUITests.framework */,
			);
			name = Frameworks;
			sourceTree = "<group>";
		};
		EDB74293F7D66F3ACDA64453 /* Pods */ = {
			isa = PBXGroup;
			children = (
				1D4CFCB5AA740A136439FF6A /* Pods-Calculator Free.debug.xcconfig */,
				0F7D117D66FE6F37C603891F /* Pods-Calculator Free.release.xcconfig */,
				8033DB94F92A1D8E5101920A /* Pods-Calculator FreeTests.debug.xcconfig */,
				2D7125B95686F3A696A086D8 /* Pods-Calculator FreeTests.release.xcconfig */,
				CB6C8048211949C6CBAAF4DD /* Pods-Calculator FreeUITests.debug.xcconfig */,
				6DF948F8C33BD27AE0FD9551 /* Pods-Calculator FreeUITests.release.xcconfig */,
			);
			name = Pods;
			sourceTree = "<group>";
		};
/* End PBXGroup section */

/* Begin PBXNativeTarget section */
		3D261A63213E629300556580 /* Calculator Free */ = {
			isa = PBXNativeTarget;
			buildConfigurationList = 3D261A8C213E629500556580 /* Build configuration list for PBXNativeTarget "Calculator Free" */;
			buildPhases = (
				0178027E37155A367B629038 /* [CP] Check Pods Manifest.lock */,
				3D261A60213E629300556580 /* Sources */,
				3D261A61213E629300556580 /* Frameworks */,
				3D261A62213E629300556580 /* Resources */,
				2BF555C01C53244B05173E2E /* [CP] Embed Pods Frameworks */,
			);
			buildRules = (
			);
			dependencies = (
			);
			name = "Calculator Free";
			productName = "Calculator Free";
			productReference = 3D261A64213E629300556580 /* Calculator Free.app */;
			productType = "com.apple.product-type.application";
		};
		3D261A77213E629500556580 /* Calculator FreeTests */ = {
			isa = PBXNativeTarget;
			buildConfigurationList = 3D261A8F213E629500556580 /* Build configuration list for PBXNativeTarget "Calculator FreeTests" */;
			buildPhases = (
				816B244D22C0E1537DDF051F /* [CP] Check Pods Manifest.lock */,
				3D261A74213E629500556580 /* Sources */,
				3D261A75213E629500556580 /* Frameworks */,
				3D261A76213E629500556580 /* Resources */,
			);
			buildRules = (
			);
			dependencies = (
				3D261A7A213E629500556580 /* PBXTargetDependency */,
			);
			name = "Calculator FreeTests";
			productName = "Calculator FreeTests";
			productReference = 3D261A78213E629500556580 /* Calculator FreeTests.xctest */;
			productType = "com.apple.product-type.bundle.unit-test";
		};
		3D261A82213E629500556580 /* Calculator FreeUITests */ = {
			isa = PBXNativeTarget;
			buildConfigurationList = 3D261A92213E629500556580 /* Build configuration list for PBXNativeTarget "Calculator FreeUITests" */;
			buildPhases = (
				2301317B5F26F12BC5CD01C9 /* [CP] Check Pods Manifest.lock */,
				3D261A7F213E629500556580 /* Sources */,
				3D261A80213E629500556580 /* Frameworks */,
				3D261A81213E629500556580 /* Resources */,
			);
			buildRules = (
			);
			dependencies = (
				3D261A85213E629500556580 /* PBXTargetDependency */,
			);
			name = "Calculator FreeUITests";
			productName = "Calculator FreeUITests";
			productReference = 3D261A83213E629500556580 /* Calculator FreeUITests.xctest */;
			productType = "com.apple.product-type.bundle.ui-testing";
		};
/* End PBXNativeTarget section */

/* Begin PBXProject section */
		3D261A5C213E629300556580 /* Project object */ = {
			isa = PBXProject;
			attributes = {
				LastSwiftUpdateCheck = 0940;
				LastUpgradeCheck = 0940;
				ORGANIZATIONNAME = "Isaac Ashwin";
				TargetAttributes = {
					3D261A63213E629300556580 = {
						CreatedOnToolsVersion = 9.4.1;
					};
					3D261A77213E629500556580 = {
						CreatedOnToolsVersion = 9.4.1;
						TestTargetID = 3D261A63213E629300556580;
					};
					3D261A82213E629500556580 = {
						CreatedOnToolsVersion = 9.4.1;
						TestTargetID = 3D261A63213E629300556580;
					};
				};
			};
			buildConfigurationList = 3D261A5F213E629300556580 /* Build configuration list for PBXProject "Calculator Free" */;
			compatibilityVersion = "Xcode 9.3";
			developmentRegion = en;
			hasScannedForEncodings = 0;
			knownRegions = (
				en,
				Base,
			);
			mainGroup = 3D261A5B213E629300556580;
			productRefGroup = 3D261A65213E629300556580 /* Products */;
			projectDirPath = "";
			projectRoot = "";
			targets = (
				3D261A63213E629300556580 /* Calculator Free */,
				3D261A77213E629500556580 /* Calculator FreeTests */,
				3D261A82213E629500556580 /* Calculator FreeUITests */,
			);
		};
/* End PBXProject section */

/* Begin PBXResourcesBuildPhase section */
		3D261A62213E629300556580 /* Resources */ = {
			isa = PBXResourcesBuildPhase;
			buildActionMask = 2147483647;
			files = (
				3D261A72213E629500556580 /* LaunchScreen.storyboard in Resources */,
				3D261A6F213E629500556580 /* Assets.xcassets in Resources */,
				3D261A6D213E629300556580 /* Main.storyboard in Resources */,
			);
			runOnlyForDeploymentPostprocessing = 0;
		};
		3D261A76213E629500556580 /* Resources */ = {
			isa = PBXResourcesBuildPhase;
			buildActionMask = 2147483647;
			files = (
			);
			runOnlyForDeploymentPostprocessing = 0;
		};
		3D261A81213E629500556580 /* Resources */ = {
			isa = PBXResourcesBuildPhase;
			buildActionMask = 2147483647;
			files = (
			);
			runOnlyForDeploymentPostprocessing = 0;
		};
/* End PBXResourcesBuildPhase section */

/* Begin PBXShellScriptBuildPhase section */
		0178027E37155A367B629038 /* [CP] Check Pods Manifest.lock */ = {
			isa = PBXShellScriptBuildPhase;
			buildActionMask = 2147483647;
			files = (
			);
			inputPaths = (
				"${PODS_PODFILE_DIR_PATH}/Podfile.lock",
				"${PODS_ROOT}/Manifest.lock",
			);
			name = "[CP] Check Pods Manifest.lock";
			outputPaths = (
				"$(DERIVED_FILE_DIR)/Pods-Calculator Free-checkManifestLockResult.txt",
			);
			runOnlyForDeploymentPostprocessing = 0;
			shellPath = /bin/sh;
			shellScript = "diff \"${PODS_PODFILE_DIR_PATH}/Podfile.lock\" \"${PODS_ROOT}/Manifest.lock\" > /dev/null\nif [ $? != 0 ] ; then\n    # print error to STDERR\n    echo \"error: The sandbox is not in sync with the Podfile.lock. Run 'pod install' or update your CocoaPods installation.\" >&2\n    exit 1\nfi\n# This output is used by Xcode 'outputs' to avoid re-running this script phase.\necho \"SUCCESS\" > \"${SCRIPT_OUTPUT_FILE_0}\"\n";
			showEnvVarsInLog = 0;
		};
		2301317B5F26F12BC5CD01C9 /* [CP] Check Pods Manifest.lock */ = {
			isa = PBXShellScriptBuildPhase;
			buildActionMask = 2147483647;
			files = (
			);
			inputPaths = (
				"${PODS_PODFILE_DIR_PATH}/Podfile.lock",
				"${PODS_ROOT}/Manifest.lock",
			);
			name = "[CP] Check Pods Manifest.lock";
			outputPaths = (
				"$(DERIVED_FILE_DIR)/Pods-Calculator FreeUITests-checkManifestLockResult.txt",
			);
			runOnlyForDeploymentPostprocessing = 0;
			shellPath = /bin/sh;
			shellScript = "diff \"${PODS_PODFILE_DIR_PATH}/Podfile.lock\" \"${PODS_ROOT}/Manifest.lock\" > /dev/null\nif [ $? != 0 ] ; then\n    # print error to STDERR\n    echo \"error: The sandbox is not in sync with the Podfile.lock. Run 'pod install' or update your CocoaPods installation.\" >&2\n    exit 1\nfi\n# This output is used by Xcode 'outputs' to avoid re-running this script phase.\necho \"SUCCESS\" > \"${SCRIPT_OUTPUT_FILE_0}\"\n";
			showEnvVarsInLog = 0;
		};
		2BF555C01C53244B05173E2E /* [CP] Embed Pods Frameworks */ = {
			isa = PBXShellScriptBuildPhase;
			buildActionMask = 2147483647;
			files = (
			);
			inputPaths = (
				"${SRCROOT}/Pods/Target Support Files/Pods-Calculator Free/Pods-Calculator Free-frameworks.sh",
				"${BUILT_PRODUCTS_DIR}/CocoaAsyncSocket/CocoaAsyncSocket.framework",
				"${BUILT_PRODUCTS_DIR}/CocoaLumberjack/CocoaLumberjack.framework",
				"${BUILT_PRODUCTS_DIR}/InitialsImageView/InitialsImageView.framework",
				"${BUILT_PRODUCTS_DIR}/KissXML/KissXML.framework",
				"${BUILT_PRODUCTS_DIR}/XMPPFramework/XMPPFramework.framework",
				"${BUILT_PRODUCTS_DIR}/libidn/libidn.framework",
			);
			name = "[CP] Embed Pods Frameworks";
			outputPaths = (
				"${TARGET_BUILD_DIR}/${FRAMEWORKS_FOLDER_PATH}/CocoaAsyncSocket.framework",
				"${TARGET_BUILD_DIR}/${FRAMEWORKS_FOLDER_PATH}/CocoaLumberjack.framework",
				"${TARGET_BUILD_DIR}/${FRAMEWORKS_FOLDER_PATH}/InitialsImageView.framework",
				"${TARGET_BUILD_DIR}/${FRAMEWORKS_FOLDER_PATH}/KissXML.framework",
				"${TARGET_BUILD_DIR}/${FRAMEWORKS_FOLDER_PATH}/XMPPFramework.framework",
				"${TARGET_BUILD_DIR}/${FRAMEWORKS_FOLDER_PATH}/libidn.framework",
			);
			runOnlyForDeploymentPostprocessing = 0;
			shellPath = /bin/sh;
			shellScript = "\"${SRCROOT}/Pods/Target Support Files/Pods-Calculator Free/Pods-Calculator Free-frameworks.sh\"\n";
			showEnvVarsInLog = 0;
		};
		816B244D22C0E1537DDF051F /* [CP] Check Pods Manifest.lock */ = {
			isa = PBXShellScriptBuildPhase;
			buildActionMask = 2147483647;
			files = (
			);
			inputPaths = (
				"${PODS_PODFILE_DIR_PATH}/Podfile.lock",
				"${PODS_ROOT}/Manifest.lock",
			);
			name = "[CP] Check Pods Manifest.lock";
			outputPaths = (
				"$(DERIVED_FILE_DIR)/Pods-Calculator FreeTests-checkManifestLockResult.txt",
			);
			runOnlyForDeploymentPostprocessing = 0;
			shellPath = /bin/sh;
			shellScript = "diff \"${PODS_PODFILE_DIR_PATH}/Podfile.lock\" \"${PODS_ROOT}/Manifest.lock\" > /dev/null\nif [ $? != 0 ] ; then\n    # print error to STDERR\n    echo \"error: The sandbox is not in sync with the Podfile.lock. Run 'pod install' or update your CocoaPods installation.\" >&2\n    exit 1\nfi\n# This output is used by Xcode 'outputs' to avoid re-running this script phase.\necho \"SUCCESS\" > \"${SCRIPT_OUTPUT_FILE_0}\"\n";
			showEnvVarsInLog = 0;
		};
/* End PBXShellScriptBuildPhase section */

/* Begin PBXSourcesBuildPhase section */
		3D261A60213E629300556580 /* Sources */ = {
			isa = PBXSourcesBuildPhase;
			buildActionMask = 2147483647;
			files = (
				3D5696FF213EB88A007DBC3D /* ChatDelegate.swift in Sources */,
				3D5696FB213EAEC2007DBC3D /* MessagingModel.xcdatamodeld in Sources */,
				3DCF5209213E8D4100E4F328 /* XMPPController.swift in Sources */,
				3D261A96213E631100556580 /* CalculatorViewController.swift in Sources */,
				3D5696FD213EB6EE007DBC3D /* ChatViewController.swift in Sources */,
				3DCF520B213EA74800E4F328 /* ChatTableViewCell.swift in Sources */,
				3D261A68213E629300556580 /* AppDelegate.swift in Sources */,
				3D261A98213E82C900556580 /* MessagingViewController.swift in Sources */,
			);
			runOnlyForDeploymentPostprocessing = 0;
		};
		3D261A74213E629500556580 /* Sources */ = {
			isa = PBXSourcesBuildPhase;
			buildActionMask = 2147483647;
			files = (
				3D261A7D213E629500556580 /* Calculator_FreeTests.swift in Sources */,
			);
			runOnlyForDeploymentPostprocessing = 0;
		};
		3D261A7F213E629500556580 /* Sources */ = {
			isa = PBXSourcesBuildPhase;
			buildActionMask = 2147483647;
			files = (
				3D261A88213E629500556580 /* Calculator_FreeUITests.swift in Sources */,
			);
			runOnlyForDeploymentPostprocessing = 0;
		};
/* End PBXSourcesBuildPhase section */

/* Begin PBXTargetDependency section */
		3D261A7A213E629500556580 /* PBXTargetDependency */ = {
			isa = PBXTargetDependency;
			target = 3D261A63213E629300556580 /* Calculator Free */;
			targetProxy = 3D261A79213E629500556580 /* PBXContainerItemProxy */;
		};
		3D261A85213E629500556580 /* PBXTargetDependency */ = {
			isa = PBXTargetDependency;
			target = 3D261A63213E629300556580 /* Calculator Free */;
			targetProxy = 3D261A84213E629500556580 /* PBXContainerItemProxy */;
		};
/* End PBXTargetDependency section */

/* Begin PBXVariantGroup section */
		3D261A6B213E629300556580 /* Main.storyboard */ = {
			isa = PBXVariantGroup;
			children = (
				3D261A6C213E629300556580 /* Base */,
			);
			name = Main.storyboard;
			sourceTree = "<group>";
		};
		3D261A70213E629500556580 /* LaunchScreen.storyboard */ = {
			isa = PBXVariantGroup;
			children = (
				3D261A71213E629500556580 /* Base */,
			);
			name = LaunchScreen.storyboard;
			sourceTree = "<group>";
		};
/* End PBXVariantGroup section */

/* Begin XCBuildConfiguration section */
		3D261A8A213E629500556580 /* Debug */ = {
			isa = XCBuildConfiguration;
			buildSettings = {
				ALWAYS_SEARCH_USER_PATHS = NO;
				CLANG_ANALYZER_NONNULL = YES;
				CLANG_ANALYZER_NUMBER_OBJECT_CONVERSION = YES_AGGRESSIVE;
				CLANG_CXX_LANGUAGE_STANDARD = "gnu++14";
				CLANG_CXX_LIBRARY = "libc++";
				CLANG_ENABLE_MODULES = YES;
				CLANG_ENABLE_OBJC_ARC = YES;
				CLANG_ENABLE_OBJC_WEAK = YES;
				CLANG_WARN_BLOCK_CAPTURE_AUTORELEASING = YES;
				CLANG_WARN_BOOL_CONVERSION = YES;
				CLANG_WARN_COMMA = YES;
				CLANG_WARN_CONSTANT_CONVERSION = YES;
				CLANG_WARN_DEPRECATED_OBJC_IMPLEMENTATIONS = YES;
				CLANG_WARN_DIRECT_OBJC_ISA_USAGE = YES_ERROR;
				CLANG_WARN_DOCUMENTATION_COMMENTS = YES;
				CLANG_WARN_EMPTY_BODY = YES;
				CLANG_WARN_ENUM_CONVERSION = YES;
				CLANG_WARN_INFINITE_RECURSION = YES;
				CLANG_WARN_INT_CONVERSION = YES;
				CLANG_WARN_NON_LITERAL_NULL_CONVERSION = YES;
				CLANG_WARN_OBJC_IMPLICIT_RETAIN_SELF = YES;
				CLANG_WARN_OBJC_LITERAL_CONVERSION = YES;
				CLANG_WARN_OBJC_ROOT_CLASS = YES_ERROR;
				CLANG_WARN_RANGE_LOOP_ANALYSIS = YES;
				CLANG_WARN_STRICT_PROTOTYPES = YES;
				CLANG_WARN_SUSPICIOUS_MOVE = YES;
				CLANG_WARN_UNGUARDED_AVAILABILITY = YES_AGGRESSIVE;
				CLANG_WARN_UNREACHABLE_CODE = YES;
				CLANG_WARN__DUPLICATE_METHOD_MATCH = YES;
				CODE_SIGN_IDENTITY = "iPhone Developer";
				COPY_PHASE_STRIP = NO;
				DEBUG_INFORMATION_FORMAT = dwarf;
				ENABLE_STRICT_OBJC_MSGSEND = YES;
				ENABLE_TESTABILITY = YES;
				GCC_C_LANGUAGE_STANDARD = gnu11;
				GCC_DYNAMIC_NO_PIC = NO;
				GCC_NO_COMMON_BLOCKS = YES;
				GCC_OPTIMIZATION_LEVEL = 0;
				GCC_PREPROCESSOR_DEFINITIONS = (
					"DEBUG=1",
					"$(inherited)",
				);
				GCC_WARN_64_TO_32_BIT_CONVERSION = YES;
				GCC_WARN_ABOUT_RETURN_TYPE = YES_ERROR;
				GCC_WARN_UNDECLARED_SELECTOR = YES;
				GCC_WARN_UNINITIALIZED_AUTOS = YES_AGGRESSIVE;
				GCC_WARN_UNUSED_FUNCTION = YES;
				GCC_WARN_UNUSED_VARIABLE = YES;
				IPHONEOS_DEPLOYMENT_TARGET = 11.4;
				MTL_ENABLE_DEBUG_INFO = YES;
				ONLY_ACTIVE_ARCH = YES;
				SDKROOT = iphoneos;
				SWIFT_ACTIVE_COMPILATION_CONDITIONS = DEBUG;
				SWIFT_OPTIMIZATION_LEVEL = "-Onone";
			};
			name = Debug;
		};
		3D261A8B213E629500556580 /* Release */ = {
			isa = XCBuildConfiguration;
			buildSettings = {
				ALWAYS_SEARCH_USER_PATHS = NO;
				CLANG_ANALYZER_NONNULL = YES;
				CLANG_ANALYZER_NUMBER_OBJECT_CONVERSION = YES_AGGRESSIVE;
				CLANG_CXX_LANGUAGE_STANDARD = "gnu++14";
				CLANG_CXX_LIBRARY = "libc++";
				CLANG_ENABLE_MODULES = YES;
				CLANG_ENABLE_OBJC_ARC = YES;
				CLANG_ENABLE_OBJC_WEAK = YES;
				CLANG_WARN_BLOCK_CAPTURE_AUTORELEASING = YES;
				CLANG_WARN_BOOL_CONVERSION = YES;
				CLANG_WARN_COMMA = YES;
				CLANG_WARN_CONSTANT_CONVERSION = YES;
				CLANG_WARN_DEPRECATED_OBJC_IMPLEMENTATIONS = YES;
				CLANG_WARN_DIRECT_OBJC_ISA_USAGE = YES_ERROR;
				CLANG_WARN_DOCUMENTATION_COMMENTS = YES;
				CLANG_WARN_EMPTY_BODY = YES;
				CLANG_WARN_ENUM_CONVERSION = YES;
				CLANG_WARN_INFINITE_RECURSION = YES;
				CLANG_WARN_INT_CONVERSION = YES;
				CLANG_WARN_NON_LITERAL_NULL_CONVERSION = YES;
				CLANG_WARN_OBJC_IMPLICIT_RETAIN_SELF = YES;
				CLANG_WARN_OBJC_LITERAL_CONVERSION = YES;
				CLANG_WARN_OBJC_ROOT_CLASS = YES_ERROR;
				CLANG_WARN_RANGE_LOOP_ANALYSIS = YES;
				CLANG_WARN_STRICT_PROTOTYPES = YES;
				CLANG_WARN_SUSPICIOUS_MOVE = YES;
				CLANG_WARN_UNGUARDED_AVAILABILITY = YES_AGGRESSIVE;
				CLANG_WARN_UNREACHABLE_CODE = YES;
				CLANG_WARN__DUPLICATE_METHOD_MATCH = YES;
				CODE_SIGN_IDENTITY = "iPhone Developer";
				COPY_PHASE_STRIP = NO;
				DEBUG_INFORMATION_FORMAT = "dwarf-with-dsym";
				ENABLE_NS_ASSERTIONS = NO;
				ENABLE_STRICT_OBJC_MSGSEND = YES;
				GCC_C_LANGUAGE_STANDARD = gnu11;
				GCC_NO_COMMON_BLOCKS = YES;
				GCC_WARN_64_TO_32_BIT_CONVERSION = YES;
				GCC_WARN_ABOUT_RETURN_TYPE = YES_ERROR;
				GCC_WARN_UNDECLARED_SELECTOR = YES;
				GCC_WARN_UNINITIALIZED_AUTOS = YES_AGGRESSIVE;
				GCC_WARN_UNUSED_FUNCTION = YES;
				GCC_WARN_UNUSED_VARIABLE = YES;
				IPHONEOS_DEPLOYMENT_TARGET = 11.4;
				MTL_ENABLE_DEBUG_INFO = NO;
				SDKROOT = iphoneos;
				SWIFT_COMPILATION_MODE = wholemodule;
				SWIFT_OPTIMIZATION_LEVEL = "-O";
				VALIDATE_PRODUCT = YES;
			};
			name = Release;
		};
		3D261A8D213E629500556580 /* Debug */ = {
			isa = XCBuildConfiguration;
			baseConfigurationReference = 1D4CFCB5AA740A136439FF6A /* Pods-Calculator Free.debug.xcconfig */;
			buildSettings = {
				ASSETCATALOG_COMPILER_APPICON_NAME = AppIcon;
				CODE_SIGN_STYLE = Automatic;
				DEVELOPMENT_TEAM = 82DXJ6458A;
				INFOPLIST_FILE = "Calculator Free/Info.plist";
				LD_RUNPATH_SEARCH_PATHS = (
					"$(inherited)",
					"@executable_path/Frameworks",
				);
				PRODUCT_BUNDLE_IDENTIFIER = "com.ashiswin.Calculator-Free";
				PRODUCT_NAME = "$(TARGET_NAME)";
				SWIFT_VERSION = 4.0;
				TARGETED_DEVICE_FAMILY = "1,2";
			};
			name = Debug;
		};
		3D261A8E213E629500556580 /* Release */ = {
			isa = XCBuildConfiguration;
			baseConfigurationReference = 0F7D117D66FE6F37C603891F /* Pods-Calculator Free.release.xcconfig */;
			buildSettings = {
				ASSETCATALOG_COMPILER_APPICON_NAME = AppIcon;
				CODE_SIGN_STYLE = Automatic;
				DEVELOPMENT_TEAM = 82DXJ6458A;
				INFOPLIST_FILE = "Calculator Free/Info.plist";
				LD_RUNPATH_SEARCH_PATHS = (
					"$(inherited)",
					"@executable_path/Frameworks",
				);
				PRODUCT_BUNDLE_IDENTIFIER = "com.ashiswin.Calculator-Free";
				PRODUCT_NAME = "$(TARGET_NAME)";
				SWIFT_VERSION = 4.0;
				TARGETED_DEVICE_FAMILY = "1,2";
			};
			name = Release;
		};
		3D261A90213E629500556580 /* Debug */ = {
			isa = XCBuildConfiguration;
			baseConfigurationReference = 8033DB94F92A1D8E5101920A /* Pods-Calculator FreeTests.debug.xcconfig */;
			buildSettings = {
				ALWAYS_EMBED_SWIFT_STANDARD_LIBRARIES = YES;
				BUNDLE_LOADER = "$(TEST_HOST)";
				CODE_SIGN_STYLE = Automatic;
				DEVELOPMENT_TEAM = 82DXJ6458A;
				INFOPLIST_FILE = "Calculator FreeTests/Info.plist";
				LD_RUNPATH_SEARCH_PATHS = (
					"$(inherited)",
					"@executable_path/Frameworks",
					"@loader_path/Frameworks",
				);
				PRODUCT_BUNDLE_IDENTIFIER = "com.ashiswin.Calculator-FreeTests";
				PRODUCT_NAME = "$(TARGET_NAME)";
				SWIFT_VERSION = 4.0;
				TARGETED_DEVICE_FAMILY = "1,2";
				TEST_HOST = "$(BUILT_PRODUCTS_DIR)/Calculator Free.app/Calculator Free";
			};
			name = Debug;
		};
		3D261A91213E629500556580 /* Release */ = {
			isa = XCBuildConfiguration;
			baseConfigurationReference = 2D7125B95686F3A696A086D8 /* Pods-Calculator FreeTests.release.xcconfig */;
			buildSettings = {
				ALWAYS_EMBED_SWIFT_STANDARD_LIBRARIES = YES;
				BUNDLE_LOADER = "$(TEST_HOST)";
				CODE_SIGN_STYLE = Automatic;
				DEVELOPMENT_TEAM = 82DXJ6458A;
				INFOPLIST_FILE = "Calculator FreeTests/Info.plist";
				LD_RUNPATH_SEARCH_PATHS = (
					"$(inherited)",
					"@executable_path/Frameworks",
					"@loader_path/Frameworks",
				);
				PRODUCT_BUNDLE_IDENTIFIER = "com.ashiswin.Calculator-FreeTests";
				PRODUCT_NAME = "$(TARGET_NAME)";
				SWIFT_VERSION = 4.0;
				TARGETED_DEVICE_FAMILY = "1,2";
				TEST_HOST = "$(BUILT_PRODUCTS_DIR)/Calculator Free.app/Calculator Free";
			};
			name = Release;
		};
		3D261A93213E629500556580 /* Debug */ = {
			isa = XCBuildConfiguration;
			baseConfigurationReference = CB6C8048211949C6CBAAF4DD /* Pods-Calculator FreeUITests.debug.xcconfig */;
			buildSettings = {
				ALWAYS_EMBED_SWIFT_STANDARD_LIBRARIES = YES;
				CODE_SIGN_STYLE = Automatic;
				DEVELOPMENT_TEAM = 82DXJ6458A;
				INFOPLIST_FILE = "Calculator FreeUITests/Info.plist";
				LD_RUNPATH_SEARCH_PATHS = (
					"$(inherited)",
					"@executable_path/Frameworks",
					"@loader_path/Frameworks",
				);
				PRODUCT_BUNDLE_IDENTIFIER = "com.ashiswin.Calculator-FreeUITests";
				PRODUCT_NAME = "$(TARGET_NAME)";
				SWIFT_VERSION = 4.0;
				TARGETED_DEVICE_FAMILY = "1,2";
				TEST_TARGET_NAME = "Calculator Free";
			};
			name = Debug;
		};
		3D261A94213E629500556580 /* Release */ = {
			isa = XCBuildConfiguration;
			baseConfigurationReference = 6DF948F8C33BD27AE0FD9551 /* Pods-Calculator FreeUITests.release.xcconfig */;
			buildSettings = {
				ALWAYS_EMBED_SWIFT_STANDARD_LIBRARIES = YES;
				CODE_SIGN_STYLE = Automatic;
				DEVELOPMENT_TEAM = 82DXJ6458A;
				INFOPLIST_FILE = "Calculator FreeUITests/Info.plist";
				LD_RUNPATH_SEARCH_PATHS = (
					"$(inherited)",
					"@executable_path/Frameworks",
					"@loader_path/Frameworks",
				);
				PRODUCT_BUNDLE_IDENTIFIER = "com.ashiswin.Calculator-FreeUITests";
				PRODUCT_NAME = "$(TARGET_NAME)";
				SWIFT_VERSION = 4.0;
				TARGETED_DEVICE_FAMILY = "1,2";
				TEST_TARGET_NAME = "Calculator Free";
			};
			name = Release;
		};
/* End XCBuildConfiguration section */

/* Begin XCConfigurationList section */
		3D261A5F213E629300556580 /* Build configuration list for PBXProject "Calculator Free" */ = {
			isa = XCConfigurationList;
			buildConfigurations = (
				3D261A8A213E629500556580 /* Debug */,
				3D261A8B213E629500556580 /* Release */,
			);
			defaultConfigurationIsVisible = 0;
			defaultConfigurationName = Release;
		};
		3D261A8C213E629500556580 /* Build configuration list for PBXNativeTarget "Calculator Free" */ = {
			isa = XCConfigurationList;
			buildConfigurations = (
				3D261A8D213E629500556580 /* Debug */,
				3D261A8E213E629500556580 /* Release */,
			);
			defaultConfigurationIsVisible = 0;
			defaultConfigurationName = Release;
		};
		3D261A8F213E629500556580 /* Build configuration list for PBXNativeTarget "Calculator FreeTests" */ = {
			isa = XCConfigurationList;
			buildConfigurations = (
				3D261A90213E629500556580 /* Debug */,
				3D261A91213E629500556580 /* Release */,
			);
			defaultConfigurationIsVisible = 0;
			defaultConfigurationName = Release;
		};
		3D261A92213E629500556580 /* Build configuration list for PBXNativeTarget "Calculator FreeUITests" */ = {
			isa = XCConfigurationList;
			buildConfigurations = (
				3D261A93213E629500556580 /* Debug */,
				3D261A94213E629500556580 /* Release */,
			);
			defaultConfigurationIsVisible = 0;
			defaultConfigurationName = Release;
		};
/* End XCConfigurationList section */

/* Begin XCVersionGroup section */
		3D5696F9213EAEC2007DBC3D /* MessagingModel.xcdatamodeld */ = {
			isa = XCVersionGroup;
			children = (
				3D5696FA213EAEC2007DBC3D /* MessagingModel.xcdatamodel */,
			);
			currentVersion = 3D5696FA213EAEC2007DBC3D /* MessagingModel.xcdatamodel */;
			path = MessagingModel.xcdatamodeld;
			sourceTree = "<group>";
			versionGroupType = wrapper.xcdatamodel;
		};
/* End XCVersionGroup section */
	};
	rootObject = 3D261A5C213E629300556580 /* Project object */;
}
